// !$*UTF8*$!
{
	archiveVersion = 1;
	classes = {
	};
	objectVersion = 46;
	objects = {

/* Begin PBXBuildFile section */
		EA21EDB51F5F9AD600DDD1ED /* main.m in Sources */ = {isa = PBXBuildFile; fileRef = EA21EDB41F5F9AD600DDD1ED /* main.m */; };
		EA21EDB81F5F9AD600DDD1ED /* AppDelegate.m in Sources */ = {isa = PBXBuildFile; fileRef = EA21EDB71F5F9AD600DDD1ED /* AppDelegate.m */; };
		EA21EDBB1F5F9AD600DDD1ED /* ViewController.m in Sources */ = {isa = PBXBuildFile; fileRef = EA21EDBA1F5F9AD600DDD1ED /* ViewController.m */; };
		EA21EDBE1F5F9AD600DDD1ED /* Main.storyboard in Resources */ = {isa = PBXBuildFile; fileRef = EA21EDBC1F5F9AD600DDD1ED /* Main.storyboard */; };
		EA21EDC01F5F9AD600DDD1ED /* Assets.xcassets in Resources */ = {isa = PBXBuildFile; fileRef = EA21EDBF1F5F9AD600DDD1ED /* Assets.xcassets */; };
		EA21EDC31F5F9AD600DDD1ED /* LaunchScreen.storyboard in Resources */ = {isa = PBXBuildFile; fileRef = EA21EDC11F5F9AD600DDD1ED /* LaunchScreen.storyboard */; };
		EA21EDCE1F5F9AD600DDD1ED /* NSProxyDemoTests.m in Sources */ = {isa = PBXBuildFile; fileRef = EA21EDCD1F5F9AD600DDD1ED /* NSProxyDemoTests.m */; };
		EA21EDD91F5F9AD600DDD1ED /* NSProxyDemoUITests.m in Sources */ = {isa = PBXBuildFile; fileRef = EA21EDD81F5F9AD600DDD1ED /* NSProxyDemoUITests.m */; };
		EA21EDE81F5F9B2900DDD1ED /* ZGBookTrader.m in Sources */ = {isa = PBXBuildFile; fileRef = EA21EDE71F5F9B2900DDD1ED /* ZGBookTrader.m */; };
		EA21EDEB1F5F9B4800DDD1ED /* ZGFruitTrader.m in Sources */ = {isa = PBXBuildFile; fileRef = EA21EDEA1F5F9B4800DDD1ED /* ZGFruitTrader.m */; };
		EA21EDEE1F5F9CDD00DDD1ED /* ZGProxyManager.m in Sources */ = {isa = PBXBuildFile; fileRef = EA21EDED1F5F9CDD00DDD1ED /* ZGProxyManager.m */; };
		EA21EDF11F5FA51200DDD1ED /* ZGWeakProxy.m in Sources */ = {isa = PBXBuildFile; fileRef = EA21EDF01F5FA51200DDD1ED /* ZGWeakProxy.m */; };
		EA21EDF41F5FA59500DDD1ED /* SecondViewController.m in Sources */ = {isa = PBXBuildFile; fileRef = EA21EDF31F5FA59500DDD1ED /* SecondViewController.m */; };
/* End PBXBuildFile section */

/* Begin PBXContainerItemProxy section */
		EA21EDCA1F5F9AD600DDD1ED /* PBXContainerItemProxy */ = {
			isa = PBXContainerItemProxy;
			containerPortal = EA21EDA81F5F9AD600DDD1ED /* Project object */;
			proxyType = 1;
			remoteGlobalIDString = EA21EDAF1F5F9AD600DDD1ED;
			remoteInfo = NSProxyDemo;
		};
		EA21EDD51F5F9AD600DDD1ED /* PBXContainerItemProxy */ = {
			isa = PBXContainerItemProxy;
			containerPortal = EA21EDA81F5F9AD600DDD1ED /* Project object */;
			proxyType = 1;
			remoteGlobalIDString = EA21EDAF1F5F9AD600DDD1ED;
			remoteInfo = NSProxyDemo;
		};
/* End PBXContainerItemProxy section */

/* Begin PBXFileReference section */
		EA21EDB01F5F9AD600DDD1ED /* NSProxyDemo.app */ = {isa = PBXFileReference; explicitFileType = wrapper.application; includeInIndex = 0; path = NSProxyDemo.app; sourceTree = BUILT_PRODUCTS_DIR; };
		EA21EDB41F5F9AD600DDD1ED /* main.m */ = {isa = PBXFileReference; lastKnownFileType = sourcecode.c.objc; path = main.m; sourceTree = "<group>"; };
		EA21EDB61F5F9AD600DDD1ED /* AppDelegate.h */ = {isa = PBXFileReference; lastKnownFileType = sourcecode.c.h; path = AppDelegate.h; sourceTree = "<group>"; };
		EA21EDB71F5F9AD600DDD1ED /* AppDelegate.m */ = {isa = PBXFileReference; lastKnownFileType = sourcecode.c.objc; path = AppDelegate.m; sourceTree = "<group>"; };
		EA21EDB91F5F9AD600DDD1ED /* ViewController.h */ = {isa = PBXFileReference; lastKnownFileType = sourcecode.c.h; path = ViewController.h; sourceTree = "<group>"; };
		EA21EDBA1F5F9AD600DDD1ED /* ViewController.m */ = {isa = PBXFileReference; lastKnownFileType = sourcecode.c.objc; path = ViewController.m; sourceTree = "<group>"; };
		EA21EDBD1F5F9AD600DDD1ED /* Base */ = {isa = PBXFileReference; lastKnownFileType = file.storyboard; name = Base; path = Base.lproj/Main.storyboard; sourceTree = "<group>"; };
		EA21EDBF1F5F9AD600DDD1ED /* Assets.xcassets */ = {isa = PBXFileReference; lastKnownFileType = folder.assetcatalog; path = Assets.xcassets; sourceTree = "<group>"; };
		EA21EDC21F5F9AD600DDD1ED /* Base */ = {isa = PBXFileReference; lastKnownFileType = file.storyboard; name = Base; path = Base.lproj/LaunchScreen.storyboard; sourceTree = "<group>"; };
		EA21EDC41F5F9AD600DDD1ED /* Info.plist */ = {isa = PBXFileReference; lastKnownFileType = text.plist.xml; path = Info.plist; sourceTree = "<group>"; };
		EA21EDC91F5F9AD600DDD1ED /* NSProxyDemoTests.xctest */ = {isa = PBXFileReference; explicitFileType = wrapper.cfbundle; includeInIndex = 0; path = NSProxyDemoTests.xctest; sourceTree = BUILT_PRODUCTS_DIR; };
		EA21EDCD1F5F9AD600DDD1ED /* NSProxyDemoTests.m */ = {isa = PBXFileReference; lastKnownFileType = sourcecode.c.objc; path = NSProxyDemoTests.m; sourceTree = "<group>"; };
		EA21EDCF1F5F9AD600DDD1ED /* Info.plist */ = {isa = PBXFileReference; lastKnownFileType = text.plist.xml; path = Info.plist; sourceTree = "<group>"; };
		EA21EDD41F5F9AD600DDD1ED /* NSProxyDemoUITests.xctest */ = {isa = PBXFileReference; explicitFileType = wrapper.cfbundle; includeInIndex = 0; path = NSProxyDemoUITests.xctest; sourceTree = BUILT_PRODUCTS_DIR; };
		EA21EDD81F5F9AD600DDD1ED /* NSProxyDemoUITests.m */ = {isa = PBXFileReference; lastKnownFileType = sourcecode.c.objc; path = NSProxyDemoUITests.m; sourceTree = "<group>"; };
		EA21EDDA1F5F9AD600DDD1ED /* Info.plist */ = {isa = PBXFileReference; lastKnownFileType = text.plist.xml; path = Info.plist; sourceTree = "<group>"; };
		EA21EDE61F5F9B2900DDD1ED /* ZGBookTrader.h */ = {isa = PBXFileReference; fileEncoding = 4; lastKnownFileType = sourcecode.c.h; path = ZGBookTrader.h; sourceTree = "<group>"; };
		EA21EDE71F5F9B2900DDD1ED /* ZGBookTrader.m */ = {isa = PBXFileReference; fileEncoding = 4; lastKnownFileType = sourcecode.c.objc; path = ZGBookTrader.m; sourceTree = "<group>"; };
		EA21EDE91F5F9B4800DDD1ED /* ZGFruitTrader.h */ = {isa = PBXFileReference; fileEncoding = 4; lastKnownFileType = sourcecode.c.h; path = ZGFruitTrader.h; sourceTree = "<group>"; };
		EA21EDEA1F5F9B4800DDD1ED /* ZGFruitTrader.m */ = {isa = PBXFileReference; fileEncoding = 4; lastKnownFileType = sourcecode.c.objc; path = ZGFruitTrader.m; sourceTree = "<group>"; };
		EA21EDEC1F5F9CDD00DDD1ED /* ZGProxyManager.h */ = {isa = PBXFileReference; fileEncoding = 4; lastKnownFileType = sourcecode.c.h; path = ZGProxyManager.h; sourceTree = "<group>"; };
		EA21EDED1F5F9CDD00DDD1ED /* ZGProxyManager.m */ = {isa = PBXFileReference; fileEncoding = 4; lastKnownFileType = sourcecode.c.objc; path = ZGProxyManager.m; sourceTree = "<group>"; };
		EA21EDEF1F5FA51200DDD1ED /* ZGWeakProxy.h */ = {isa = PBXFileReference; fileEncoding = 4; lastKnownFileType = sourcecode.c.h; path = ZGWeakProxy.h; sourceTree = "<group>"; };
		EA21EDF01F5FA51200DDD1ED /* ZGWeakProxy.m */ = {isa = PBXFileReference; fileEncoding = 4; lastKnownFileType = sourcecode.c.objc; path = ZGWeakProxy.m; sourceTree = "<group>"; };
		EA21EDF21F5FA59500DDD1ED /* SecondViewController.h */ = {isa = PBXFileReference; fileEncoding = 4; lastKnownFileType = sourcecode.c.h; path = SecondViewController.h; sourceTree = "<group>"; };
		EA21EDF31F5FA59500DDD1ED /* SecondViewController.m */ = {isa = PBXFileReference; fileEncoding = 4; lastKnownFileType = sourcecode.c.objc; path = SecondViewController.m; sourceTree = "<group>"; };
/* End PBXFileReference section */

/* Begin PBXFrameworksBuildPhase section */
		EA21EDAD1F5F9AD600DDD1ED /* Frameworks */ = {
			isa = PBXFrameworksBuildPhase;
			buildActionMask = 2147483647;
			files = (
			);
			runOnlyForDeploymentPostprocessing = 0;
		};
		EA21EDC61F5F9AD600DDD1ED /* Frameworks */ = {
			isa = PBXFrameworksBuildPhase;
			buildActionMask = 2147483647;
			files = (
			);
			runOnlyForDeploymentPostprocessing = 0;
		};
		EA21EDD11F5F9AD600DDD1ED /* Frameworks */ = {
			isa = PBXFrameworksBuildPhase;
			buildActionMask = 2147483647;
			files = (
			);
			runOnlyForDeploymentPostprocessing = 0;
		};
/* End PBXFrameworksBuildPhase section */

/* Begin PBXGroup section */
		EA21EDA71F5F9AD600DDD1ED = {
			isa = PBXGroup;
			children = (
				EA21EDB21F5F9AD600DDD1ED /* NSProxyDemo */,
				EA21EDCC1F5F9AD600DDD1ED /* NSProxyDemoTests */,
				EA21EDD71F5F9AD600DDD1ED /* NSProxyDemoUITests */,
				EA21EDB11F5F9AD600DDD1ED /* Products */,
			);
			sourceTree = "<group>";
		};
		EA21EDB11F5F9AD600DDD1ED /* Products */ = {
			isa = PBXGroup;
			children = (
				EA21EDB01F5F9AD600DDD1ED /* NSProxyDemo.app */,
				EA21EDC91F5F9AD600DDD1ED /* NSProxyDemoTests.xctest */,
				EA21EDD41F5F9AD600DDD1ED /* NSProxyDemoUITests.xctest */,
			);
			name = Products;
			sourceTree = "<group>";
		};
		EA21EDB21F5F9AD600DDD1ED /* NSProxyDemo */ = {
			isa = PBXGroup;
			children = (
				EA21EDB61F5F9AD600DDD1ED /* AppDelegate.h */,
				EA21EDB71F5F9AD600DDD1ED /* AppDelegate.m */,
				EA21EDB91F5F9AD600DDD1ED /* ViewController.h */,
				EA21EDBA1F5F9AD600DDD1ED /* ViewController.m */,
				EA21EDBC1F5F9AD600DDD1ED /* Main.storyboard */,
				EA21EDBF1F5F9AD600DDD1ED /* Assets.xcassets */,
				EA21EDC11F5F9AD600DDD1ED /* LaunchScreen.storyboard */,
				EA21EDC41F5F9AD600DDD1ED /* Info.plist */,
				EA21EDB31F5F9AD600DDD1ED /* Supporting Files */,
				EA21EDE61F5F9B2900DDD1ED /* ZGBookTrader.h */,
				EA21EDE71F5F9B2900DDD1ED /* ZGBookTrader.m */,
				EA21EDE91F5F9B4800DDD1ED /* ZGFruitTrader.h */,
				EA21EDEA1F5F9B4800DDD1ED /* ZGFruitTrader.m */,
				EA21EDEC1F5F9CDD00DDD1ED /* ZGProxyManager.h */,
				EA21EDED1F5F9CDD00DDD1ED /* ZGProxyManager.m */,
				EA21EDEF1F5FA51200DDD1ED /* ZGWeakProxy.h */,
				EA21EDF01F5FA51200DDD1ED /* ZGWeakProxy.m */,
				EA21EDF21F5FA59500DDD1ED /* SecondViewController.h */,
				EA21EDF31F5FA59500DDD1ED /* SecondViewController.m */,
			);
			path = NSProxyDemo;
			sourceTree = "<group>";
		};
		EA21EDB31F5F9AD600DDD1ED /* Supporting Files */ = {
			isa = PBXGroup;
			children = (
				EA21EDB41F5F9AD600DDD1ED /* main.m */,
			);
			name = "Supporting Files";
			sourceTree = "<group>";
		};
		EA21EDCC1F5F9AD600DDD1ED /* NSProxyDemoTests */ = {
			isa = PBXGroup;
			children = (
				EA21EDCD1F5F9AD600DDD1ED /* NSProxyDemoTests.m */,
				EA21EDCF1F5F9AD600DDD1ED /* Info.plist */,
			);
			path = NSProxyDemoTests;
			sourceTree = "<group>";
		};
		EA21EDD71F5F9AD600DDD1ED /* NSProxyDemoUITests */ = {
			isa = PBXGroup;
			children = (
				EA21EDD81F5F9AD600DDD1ED /* NSProxyDemoUITests.m */,
				EA21EDDA1F5F9AD600DDD1ED /* Info.plist */,
			);
			path = NSProxyDemoUITests;
			sourceTree = "<group>";
		};
/* End PBXGroup section */

/* Begin PBXNativeTarget section */
		EA21EDAF1F5F9AD600DDD1ED /* NSProxyDemo */ = {
			isa = PBXNativeTarget;
			buildConfigurationList = EA21EDDD1F5F9AD600DDD1ED /* Build configuration list for PBXNativeTarget "NSProxyDemo" */;
			buildPhases = (
				EA21EDAC1F5F9AD600DDD1ED /* Sources */,
				EA21EDAD1F5F9AD600DDD1ED /* Frameworks */,
				EA21EDAE1F5F9AD600DDD1ED /* Resources */,
			);
			buildRules = (
			);
			dependencies = (
			);
			name = NSProxyDemo;
			productName = NSProxyDemo;
			productReference = EA21EDB01F5F9AD600DDD1ED /* NSProxyDemo.app */;
			productType = "com.apple.product-type.application";
		};
		EA21EDC81F5F9AD600DDD1ED /* NSProxyDemoTests */ = {
			isa = PBXNativeTarget;
			buildConfigurationList = EA21EDE01F5F9AD600DDD1ED /* Build configuration list for PBXNativeTarget "NSProxyDemoTests" */;
			buildPhases = (
				EA21EDC51F5F9AD600DDD1ED /* Sources */,
				EA21EDC61F5F9AD600DDD1ED /* Frameworks */,
				EA21EDC71F5F9AD600DDD1ED /* Resources */,
			);
			buildRules = (
			);
			dependencies = (
				EA21EDCB1F5F9AD600DDD1ED /* PBXTargetDependency */,
			);
			name = NSProxyDemoTests;
			productName = NSProxyDemoTests;
			productReference = EA21EDC91F5F9AD600DDD1ED /* NSProxyDemoTests.xctest */;
			productType = "com.apple.product-type.bundle.unit-test";
		};
		EA21EDD31F5F9AD600DDD1ED /* NSProxyDemoUITests */ = {
			isa = PBXNativeTarget;
			buildConfigurationList = EA21EDE31F5F9AD600DDD1ED /* Build configuration list for PBXNativeTarget "NSProxyDemoUITests" */;
			buildPhases = (
				EA21EDD01F5F9AD600DDD1ED /* Sources */,
				EA21EDD11F5F9AD600DDD1ED /* Frameworks */,
				EA21EDD21F5F9AD600DDD1ED /* Resources */,
			);
			buildRules = (
			);
			dependencies = (
				EA21EDD61F5F9AD600DDD1ED /* PBXTargetDependency */,
			);
			name = NSProxyDemoUITests;
			productName = NSProxyDemoUITests;
			productReference = EA21EDD41F5F9AD600DDD1ED /* NSProxyDemoUITests.xctest */;
			productType = "com.apple.product-type.bundle.ui-testing";
		};
/* End PBXNativeTarget section */

/* Begin PBXProject section */
		EA21EDA81F5F9AD600DDD1ED /* Project object */ = {
			isa = PBXProject;
			attributes = {
				LastUpgradeCheck = 0820;
				ORGANIZATIONNAME = magic;
				TargetAttributes = {
					EA21EDAF1F5F9AD600DDD1ED = {
						CreatedOnToolsVersion = 8.2;
						ProvisioningStyle = Automatic;
					};
					EA21EDC81F5F9AD600DDD1ED = {
						CreatedOnToolsVersion = 8.2;
						ProvisioningStyle = Automatic;
						TestTargetID = EA21EDAF1F5F9AD600DDD1ED;
					};
					EA21EDD31F5F9AD600DDD1ED = {
						CreatedOnToolsVersion = 8.2;
						ProvisioningStyle = Automatic;
						TestTargetID = EA21EDAF1F5F9AD600DDD1ED;
					};
				};
			};
			buildConfigurationList = EA21EDAB1F5F9AD600DDD1ED /* Build configuration list for PBXProject "NSProxyDemo" */;
			compatibilityVersion = "Xcode 3.2";
			developmentRegion = English;
			hasScannedForEncodings = 0;
			knownRegions = (
				en,
				Base,
			);
			mainGroup = EA21EDA71F5F9AD600DDD1ED;
			productRefGroup = EA21EDB11F5F9AD600DDD1ED /* Products */;
			projectDirPath = "";
			projectRoot = "";
			targets = (
				EA21EDAF1F5F9AD600DDD1ED /* NSProxyDemo */,
				EA21EDC81F5F9AD600DDD1ED /* NSProxyDemoTests */,
				EA21EDD31F5F9AD600DDD1ED /* NSProxyDemoUITests */,
			);
		};
/* End PBXProject section */

/* Begin PBXResourcesBuildPhase section */
		EA21EDAE1F5F9AD600DDD1ED /* Resources */ = {
			isa = PBXResourcesBuildPhase;
			buildActionMask = 2147483647;
			files = (
				EA21EDC31F5F9AD600DDD1ED /* LaunchScreen.storyboard in Resources */,
				EA21EDC01F5F9AD600DDD1ED /* Assets.xcassets in Resources */,
				EA21EDBE1F5F9AD600DDD1ED /* Main.storyboard in Resources */,
			);
			runOnlyForDeploymentPostprocessing = 0;
		};
		EA21EDC71F5F9AD600DDD1ED /* Resources */ = {
			isa = PBXResourcesBuildPhase;
			buildActionMask = 2147483647;
			files = (
			);
			runOnlyForDeploymentPostprocessing = 0;
		};
		EA21EDD21F5F9AD600DDD1ED /* Resources */ = {
			isa = PBXResourcesBuildPhase;
			buildActionMask = 2147483647;
			files = (
			);
			runOnlyForDeploymentPostprocessing = 0;
		};
/* End PBXResourcesBuildPhase section */

/* Begin PBXSourcesBuildPhase section */
		EA21EDAC1F5F9AD600DDD1ED /* Sources */ = {
			isa = PBXSourcesBuildPhase;
			buildActionMask = 2147483647;
			files = (
				EA21EDBB1F5F9AD600DDD1ED /* ViewController.m in Sources */,
				EA21EDB81F5F9AD600DDD1ED /* AppDelegate.m in Sources */,
				EA21EDB51F5F9AD600DDD1ED /* main.m in Sources */,
				EA21EDF11F5FA51200DDD1ED /* ZGWeakProxy.m in Sources */,
				EA21EDF41F5FA59500DDD1ED /* SecondViewController.m in Sources */,
				EA21EDEB1F5F9B4800DDD1ED /* ZGFruitTrader.m in Sources */,
				EA21EDE81F5F9B2900DDD1ED /* ZGBookTrader.m in Sources */,
				EA21EDEE1F5F9CDD00DDD1ED /* ZGProxyManager.m in Sources */,
			);
			runOnlyForDeploymentPostprocessing = 0;
		};
		EA21EDC51F5F9AD600DDD1ED /* Sources */ = {
			isa = PBXSourcesBuildPhase;
			buildActionMask = 2147483647;
			files = (
				EA21EDCE1F5F9AD600DDD1ED /* NSProxyDemoTests.m in Sources */,
			);
			runOnlyForDeploymentPostprocessing = 0;
		};
		EA21EDD01F5F9AD600DDD1ED /* Sources */ = {
			isa = PBXSourcesBuildPhase;
			buildActionMask = 2147483647;
			files = (
				EA21EDD91F5F9AD600DDD1ED /* NSProxyDemoUITests.m in Sources */,
			);
			runOnlyForDeploymentPostprocessing = 0;
		};
/* End PBXSourcesBuildPhase section */

/* Begin PBXTargetDependency section */
		EA21EDCB1F5F9AD600DDD1ED /* PBXTargetDependency */ = {
			isa = PBXTargetDependency;
			target = EA21EDAF1F5F9AD600DDD1ED /* NSProxyDemo */;
			targetProxy = EA21EDCA1F5F9AD600DDD1ED /* PBXContainerItemProxy */;
		};
		EA21EDD61F5F9AD600DDD1ED /* PBXTargetDependency */ = {
			isa = PBXTargetDependency;
			target = EA21EDAF1F5F9AD600DDD1ED /* NSProxyDemo */;
			targetProxy = EA21EDD51F5F9AD600DDD1ED /* PBXContainerItemProxy */;
		};
/* End PBXTargetDependency section */

/* Begin PBXVariantGroup section */
		EA21EDBC1F5F9AD600DDD1ED /* Main.storyboard */ = {
			isa = PBXVariantGroup;
			children = (
				EA21EDBD1F5F9AD600DDD1ED /* Base */,
			);
			name = Main.storyboard;
			sourceTree = "<group>";
		};
		EA21EDC11F5F9AD600DDD1ED /* LaunchScreen.storyboard */ = {
			isa = PBXVariantGroup;
			children = (
				EA21EDC21F5F9AD600DDD1ED /* Base */,
			);
			name = LaunchScreen.storyboard;
			sourceTree = "<group>";
		};
/* End PBXVariantGroup section */

/* Begin XCBuildConfiguration section */
		EA21EDDB1F5F9AD600DDD1ED /* Debug */ = {
			isa = XCBuildConfiguration;
			buildSettings = {
				ALWAYS_SEARCH_USER_PATHS = NO;
				CLANG_ANALYZER_NONNULL = YES;
				CLANG_CXX_LANGUAGE_STANDARD = "gnu++0x";
				CLANG_CXX_LIBRARY = "libc++";
				CLANG_ENABLE_MODULES = YES;
				CLANG_ENABLE_OBJC_ARC = YES;
				CLANG_WARN_BOOL_CONVERSION = YES;
				CLANG_WARN_CONSTANT_CONVERSION = YES;
				CLANG_WARN_DIRECT_OBJC_ISA_USAGE = YES_ERROR;
				CLANG_WARN_DOCUMENTATION_COMMENTS = YES;
				CLANG_WARN_EMPTY_BODY = YES;
				CLANG_WARN_ENUM_CONVERSION = YES;
				CLANG_WARN_INFINITE_RECURSION = YES;
				CLANG_WARN_INT_CONVERSION = YES;
				CLANG_WARN_OBJC_ROOT_CLASS = YES_ERROR;
				CLANG_WARN_SUSPICIOUS_MOVE = YES;
				CLANG_WARN_UNREACHABLE_CODE = YES;
				CLANG_WARN__DUPLICATE_METHOD_MATCH = YES;
				"CODE_SIGN_IDENTITY[sdk=iphoneos*]" = "iPhone Developer";
				COPY_PHASE_STRIP = NO;
				DEBUG_INFORMATION_FORMAT = dwarf;
				ENABLE_STRICT_OBJC_MSGSEND = YES;
				ENABLE_TESTABILITY = YES;
				GCC_C_LANGUAGE_STANDARD = gnu99;
				GCC_DYNAMIC_NO_PIC = NO;
				GCC_NO_COMMON_BLOCKS = YES;
				GCC_OPTIMIZATION_LEVEL = 0;
				GCC_PREPROCESSOR_DEFINITIONS = (
					"DEBUG=1",
					"$(inherited)",
				);
				GCC_WARN_64_TO_32_BIT_CONVERSION = YES;
				GCC_WARN_ABOUT_RETURN_TYPE = YES_ERROR;
				GCC_WARN_UNDECLARED_SELECTOR = YES;
				GCC_WARN_UNINITIALIZED_AUTOS = YES_AGGRESSIVE;
				GCC_WARN_UNUSED_FUNCTION = YES;
				GCC_WARN_UNUSED_VARIABLE = YES;
				IPHONEOS_DEPLOYMENT_TARGET = 10.2;
				MTL_ENABLE_DEBUG_INFO = YES;
				ONLY_ACTIVE_ARCH = YES;
				SDKROOT = iphoneos;
				TARGETED_DEVICE_FAMILY = "1,2";
			};
			name = Debug;
		};
		EA21EDDC1F5F9AD600DDD1ED /* Release */ = {
			isa = XCBuildConfiguration;
			buildSettings = {
				ALWAYS_SEARCH_USER_PATHS = NO;
				CLANG_ANALYZER_NONNULL = YES;
				CLANG_CXX_LANGUAGE_STANDARD = "gnu++0x";
				CLANG_CXX_LIBRARY = "libc++";
				CLANG_ENABLE_MODULES = YES;
				CLANG_ENABLE_OBJC_ARC = YES;
				CLANG_WARN_BOOL_CONVERSION = YES;
				CLANG_WARN_CONSTANT_CONVERSION = YES;
				CLANG_WARN_DIRECT_OBJC_ISA_USAGE = YES_ERROR;
				CLANG_WARN_DOCUMENTATION_COMMENTS = YES;
				CLANG_WARN_EMPTY_BODY = YES;
				CLANG_WARN_ENUM_CONVERSION = YES;
				CLANG_WARN_INFINITE_RECURSION = YES;
				CLANG_WARN_INT_CONVERSION = YES;
				CLANG_WARN_OBJC_ROOT_CLASS = YES_ERROR;
				CLANG_WARN_SUSPICIOUS_MOVE = YES;
				CLANG_WARN_UNREACHABLE_CODE = YES;
				CLANG_WARN__DUPLICATE_METHOD_MATCH = YES;
				"CODE_SIGN_IDENTITY[sdk=iphoneos*]" = "iPhone Developer";
				COPY_PHASE_STRIP = NO;
				DEBUG_INFORMATION_FORMAT = "dwarf-with-dsym";
				ENABLE_NS_ASSERTIONS = NO;
				ENABLE_STRICT_OBJC_MSGSEND = YES;
				GCC_C_LANGUAGE_STANDARD = gnu99;
				GCC_NO_COMMON_BLOCKS = YES;
				GCC_WARN_64_TO_32_BIT_CONVERSION = YES;
				GCC_WARN_ABOUT_RETURN_TYPE = YES_ERROR;
				GCC_WARN_UNDECLARED_SELECTOR = YES;
				GCC_WARN_UNINITIALIZED_AUTOS = YES_AGGRESSIVE;
				GCC_WARN_UNUSED_FUNCTION = YES;
				GCC_WARN_UNUSED_VARIABLE = YES;
				IPHONEOS_DEPLOYMENT_TARGET = 10.2;
				MTL_ENABLE_DEBUG_INFO = NO;
				SDKROOT = iphoneos;
				TARGETED_DEVICE_FAMILY = "1,2";
				VALIDATE_PRODUCT = YES;
			};
			name = Release;
		};
		EA21EDDE1F5F9AD600DDD1ED /* Debug */ = {
			isa = XCBuildConfiguration;
			buildSettings = {
				ASSETCATALOG_COMPILER_APPICON_NAME = AppIcon;
				INFOPLIST_FILE = NSProxyDemo/Info.plist;
				LD_RUNPATH_SEARCH_PATHS = "$(inherited) @executable_path/Frameworks";
				PRODUCT_BUNDLE_IDENTIFIER = com.magic.NSProxyDemo;
				PRODUCT_NAME = "$(TARGET_NAME)";
			};
			name = Debug;
		};
		EA21EDDF1F5F9AD600DDD1ED /* Release */ = {
			isa = XCBuildConfiguration;
			buildSettings = {
				ASSETCATALOG_COMPILER_APPICON_NAME = AppIcon;
				INFOPLIST_FILE = NSProxyDemo/Info.plist;
				LD_RUNPATH_SEARCH_PATHS = "$(inherited) @executable_path/Frameworks";
				PRODUCT_BUNDLE_IDENTIFIER = com.magic.NSProxyDemo;
				PRODUCT_NAME = "$(TARGET_NAME)";
			};
			name = Release;
		};
		EA21EDE11F5F9AD600DDD1ED /* Debug */ = {
			isa = XCBuildConfiguration;
			buildSettings = {
				BUNDLE_LOADER = "$(TEST_HOST)";
				INFOPLIST_FILE = NSProxyDemoTests/Info.plist;
				LD_RUNPATH_SEARCH_PATHS = "$(inherited) @executable_path/Frameworks @loader_path/Frameworks";
				PRODUCT_BUNDLE_IDENTIFIER = com.magic.NSProxyDemoTests;
				PRODUCT_NAME = "$(TARGET_NAME)";
				TEST_HOST = "$(BUILT_PRODUCTS_DIR)/NSProxyDemo.app/NSProxyDemo";
			};
			name = Debug;
		};
		EA21EDE21F5F9AD600DDD1ED /* Release */ = {
			isa = XCBuildConfiguration;
			buildSettings = {
				BUNDLE_LOADER = "$(TEST_HOST)";
				INFOPLIST_FILE = NSProxyDemoTests/Info.plist;
				LD_RUNPATH_SEARCH_PATHS = "$(inherited) @executable_path/Frameworks @loader_path/Frameworks";
				PRODUCT_BUNDLE_IDENTIFIER = com.magic.NSProxyDemoTests;
				PRODUCT_NAME = "$(TARGET_NAME)";
				TEST_HOST = "$(BUILT_PRODUCTS_DIR)/NSProxyDemo.app/NSProxyDemo";
			};
			name = Release;
		};
		EA21EDE41F5F9AD600DDD1ED /* Debug */ = {
			isa = XCBuildConfiguration;
			buildSettings = {
				INFOPLIST_FILE = NSProxyDemoUITests/Info.plist;
				LD_RUNPATH_SEARCH_PATHS = "$(inherited) @executable_path/Frameworks @loader_path/Frameworks";
				PRODUCT_BUNDLE_IDENTIFIER = com.magic.NSProxyDemoUITests;
				PRODUCT_NAME = "$(TARGET_NAME)";
				TEST_TARGET_NAME = NSProxyDemo;
			};
			name = Debug;
		};
		EA21EDE51F5F9AD600DDD1ED /* Release */ = {
			isa = XCBuildConfiguration;
			buildSettings = {
				INFOPLIST_FILE = NSProxyDemoUITests/Info.plist;
				LD_RUNPATH_SEARCH_PATHS = "$(inherited) @executable_path/Frameworks @loader_path/Frameworks";
				PRODUCT_BUNDLE_IDENTIFIER = com.magic.NSProxyDemoUITests;
				PRODUCT_NAME = "$(TARGET_NAME)";
				TEST_TARGET_NAME = NSProxyDemo;
			};
			name = Release;
		};
/* End XCBuildConfiguration section */

/* Begin XCConfigurationList section */
		EA21EDAB1F5F9AD600DDD1ED /* Build configuration list for PBXProject "NSProxyDemo" */ = {
			isa = XCConfigurationList;
			buildConfigurations = (
				EA21EDDB1F5F9AD600DDD1ED /* Debug */,
				EA21EDDC1F5F9AD600DDD1ED /* Release */,
			);
			defaultConfigurationIsVisible = 0;
			defaultConfigurationName = Release;
		};
		EA21EDDD1F5F9AD600DDD1ED /* Build configuration list for PBXNativeTarget "NSProxyDemo" */ = {
			isa = XCConfigurationList;
			buildConfigurations = (
				EA21EDDE1F5F9AD600DDD1ED /* Debug */,
				EA21EDDF1F5F9AD600DDD1ED /* Release */,
			);
			defaultConfigurationIsVisible = 0;
		};
		EA21EDE01F5F9AD600DDD1ED /* Build configuration list for PBXNativeTarget "NSProxyDemoTests" */ = {
			isa = XCConfigurationList;
			buildConfigurations = (
				EA21EDE11F5F9AD600DDD1ED /* Debug */,
				EA21EDE21F5F9AD600DDD1ED /* Release */,
			);
			defaultConfigurationIsVisible = 0;
		};
		EA21EDE31F5F9AD600DDD1ED /* Build configuration list for PBXNativeTarget "NSProxyDemoUITests" */ = {
			isa = XCConfigurationList;
			buildConfigurations = (
				EA21EDE41F5F9AD600DDD1ED /* Debug */,
				EA21EDE51F5F9AD600DDD1ED /* Release */,
			);
			defaultConfigurationIsVisible = 0;
		};
/* End XCConfigurationList section */
	};
	rootObject = EA21EDA81F5F9AD600DDD1ED /* Project object */;
}
